
Microsoft Visual Studio Solution File, Format Version 12.00
# Visual Studio Version 17
VisualStudioVersion = 17.7.34031.279
MinimumVisualStudioVersion = 10.0.40219.1
Project("{FAE04EC0-301F-11D3-BF4B-00C04F79EFBC}") = "SolProyecto", "SolProyecto\SolProyecto.csproj", "{DEEB7CC7-6C78-4D51-B8EE-4BAA65A7EABE}"
EndProject
Global
	GlobalSection(SolutionConfigurationPlatforms) = preSolution
		Debug|Any CPU = Debug|Any CPU
		Release|Any CPU = Release|Any CPU
	EndGlobalSection
	GlobalSection(ProjectConfigurationPlatforms) = postSolution
		{DEEB7CC7-6C78-4D51-B8EE-4BAA65A7EABE}.Debug|Any CPU.ActiveCfg = Debug|Any CPU
		{DEEB7CC7-6C78-4D51-B8EE-4BAA65A7EABE}.Debug|Any CPU.Build.0 = Debug|Any CPU
		{DEEB7CC7-6C78-4D51-B8EE-4BAA65A7EABE}.Release|Any CPU.ActiveCfg = Release|Any CPU
		{DEEB7CC7-6C78-4D51-B8EE-4BAA65A7EABE}.Release|Any CPU.Build.0 = Release|Any CPU
	EndGlobalSection
	GlobalSection(SolutionProperties) = preSolution
		HideSolutionNode = FALSE
	EndGlobalSection
	GlobalSection(ExtensibilityGlobals) = postSolution
		SolutionGuid = {7660D8BF-53EB-4228-9079-917843D51577}
	EndGlobalSection
EndGlobal
